// !$*UTF8*$!
{
	archiveVersion = 1;
	classes = {
	};
	objectVersion = 50;
	objects = {

/* Begin PBXBuildFile section */
		D512D00D21FD1A2700A93059 /* Error.swift in Sources */ = {isa = PBXBuildFile; fileRef = D512D00C21FD1A2700A93059 /* Error.swift */; };
		D525A48721FEBEB0005F6E62 /* MenuItem.swift in Sources */ = {isa = PBXBuildFile; fileRef = D525A48621FEBEB0005F6E62 /* MenuItem.swift */; };
		D5A0815821FE65A8000C7E0A /* View.swift in Sources */ = {isa = PBXBuildFile; fileRef = D5A0815721FE65A8000C7E0A /* View.swift */; };
		D5A0815A21FE6926000C7E0A /* MenuController.swift in Sources */ = {isa = PBXBuildFile; fileRef = D5A0815921FE6926000C7E0A /* MenuController.swift */; };
		D5A3708521F969CA00729981 /* AppDelegate.swift in Sources */ = {isa = PBXBuildFile; fileRef = D5A3708421F969CA00729981 /* AppDelegate.swift */; };
		D5A3708721F969CA00729981 /* HomeController.swift in Sources */ = {isa = PBXBuildFile; fileRef = D5A3708621F969CA00729981 /* HomeController.swift */; };
		D5A3708C21F969CB00729981 /* Assets.xcassets in Resources */ = {isa = PBXBuildFile; fileRef = D5A3708B21F969CB00729981 /* Assets.xcassets */; };
		D5A3708F21F969CB00729981 /* LaunchScreen.storyboard in Resources */ = {isa = PBXBuildFile; fileRef = D5A3708D21F969CB00729981 /* LaunchScreen.storyboard */; };
		D5A3709B21F96BCA00729981 /* Hex.swift in Sources */ = {isa = PBXBuildFile; fileRef = D5A3709A21F96BCA00729981 /* Hex.swift */; };
		D5A3709D21F96C1500729981 /* AppColors.swift in Sources */ = {isa = PBXBuildFile; fileRef = D5A3709C21F96C1500729981 /* AppColors.swift */; };
		D5A370A121F9825E00729981 /* Item.swift in Sources */ = {isa = PBXBuildFile; fileRef = D5A370A021F9825E00729981 /* Item.swift */; };
		D5A370A621F98F7D00729981 /* ApiRoutes.swift in Sources */ = {isa = PBXBuildFile; fileRef = D5A370A521F98F7D00729981 /* ApiRoutes.swift */; };
		D5A370A821FA442100729981 /* Networking.swift in Sources */ = {isa = PBXBuildFile; fileRef = D5A370A721FA442100729981 /* Networking.swift */; };
		D5A370AA21FA480800729981 /* AboutController.swift in Sources */ = {isa = PBXBuildFile; fileRef = D5A370A921FA480800729981 /* AboutController.swift */; };
		D5A370AC21FA481400729981 /* ReportController.swift in Sources */ = {isa = PBXBuildFile; fileRef = D5A370AB21FA481400729981 /* ReportController.swift */; };
		D5DABB4921FA7CE90039107B /* ItemCell.swift in Sources */ = {isa = PBXBuildFile; fileRef = D5DABB4821FA7CE90039107B /* ItemCell.swift */; };
		D5DABB4B21FA89A80039107B /* ImageCache.swift in Sources */ = {isa = PBXBuildFile; fileRef = D5DABB4A21FA89A80039107B /* ImageCache.swift */; };
		D5EFDC8E21FAE13E0034BCFC /* Stack.swift in Sources */ = {isa = PBXBuildFile; fileRef = D5EFDC8D21FAE13E0034BCFC /* Stack.swift */; };
		D5EFDC9021FAE5C30034BCFC /* ItemScroll.swift in Sources */ = {isa = PBXBuildFile; fileRef = D5EFDC8F21FAE5C30034BCFC /* ItemScroll.swift */; };
		D5FB748021FBC4AC00D2A4FC /* Image.swift in Sources */ = {isa = PBXBuildFile; fileRef = D5FB747F21FBC4AC00D2A4FC /* Image.swift */; };
		D5FB748221FBEC6B00D2A4FC /* ItemActionBar.swift in Sources */ = {isa = PBXBuildFile; fileRef = D5FB748121FBEC6B00D2A4FC /* ItemActionBar.swift */; };
		D5FB748821FC311900D2A4FC /* SetupNav.swift in Sources */ = {isa = PBXBuildFile; fileRef = D5FB748721FC311900D2A4FC /* SetupNav.swift */; };
/* End PBXBuildFile section */

/* Begin PBXFileReference section */
		D512D00C21FD1A2700A93059 /* Error.swift */ = {isa = PBXFileReference; lastKnownFileType = sourcecode.swift; path = Error.swift; sourceTree = "<group>"; };
		D525A48621FEBEB0005F6E62 /* MenuItem.swift */ = {isa = PBXFileReference; lastKnownFileType = sourcecode.swift; path = MenuItem.swift; sourceTree = "<group>"; };
		D5A0815721FE65A8000C7E0A /* View.swift */ = {isa = PBXFileReference; lastKnownFileType = sourcecode.swift; path = View.swift; sourceTree = "<group>"; };
		D5A0815921FE6926000C7E0A /* MenuController.swift */ = {isa = PBXFileReference; lastKnownFileType = sourcecode.swift; path = MenuController.swift; sourceTree = "<group>"; };
		D5A3708121F969CA00729981 /* Funny.app */ = {isa = PBXFileReference; explicitFileType = wrapper.application; includeInIndex = 0; path = Funny.app; sourceTree = BUILT_PRODUCTS_DIR; };
		D5A3708421F969CA00729981 /* AppDelegate.swift */ = {isa = PBXFileReference; lastKnownFileType = sourcecode.swift; path = AppDelegate.swift; sourceTree = "<group>"; };
		D5A3708621F969CA00729981 /* HomeController.swift */ = {isa = PBXFileReference; lastKnownFileType = sourcecode.swift; path = HomeController.swift; sourceTree = "<group>"; };
		D5A3708B21F969CB00729981 /* Assets.xcassets */ = {isa = PBXFileReference; lastKnownFileType = folder.assetcatalog; path = Assets.xcassets; sourceTree = "<group>"; };
		D5A3708E21F969CB00729981 /* Base */ = {isa = PBXFileReference; lastKnownFileType = file.storyboard; name = Base; path = Base.lproj/LaunchScreen.storyboard; sourceTree = "<group>"; };
		D5A3709021F969CB00729981 /* Info.plist */ = {isa = PBXFileReference; lastKnownFileType = text.plist.xml; path = Info.plist; sourceTree = "<group>"; };
		D5A3709A21F96BCA00729981 /* Hex.swift */ = {isa = PBXFileReference; lastKnownFileType = sourcecode.swift; path = Hex.swift; sourceTree = "<group>"; };
		D5A3709C21F96C1500729981 /* AppColors.swift */ = {isa = PBXFileReference; lastKnownFileType = sourcecode.swift; path = AppColors.swift; sourceTree = "<group>"; };
		D5A370A021F9825E00729981 /* Item.swift */ = {isa = PBXFileReference; lastKnownFileType = sourcecode.swift; path = Item.swift; sourceTree = "<group>"; };
		D5A370A521F98F7D00729981 /* ApiRoutes.swift */ = {isa = PBXFileReference; lastKnownFileType = sourcecode.swift; path = ApiRoutes.swift; sourceTree = "<group>"; };
		D5A370A721FA442100729981 /* Networking.swift */ = {isa = PBXFileReference; lastKnownFileType = sourcecode.swift; path = Networking.swift; sourceTree = "<group>"; };
		D5A370A921FA480800729981 /* AboutController.swift */ = {isa = PBXFileReference; lastKnownFileType = sourcecode.swift; path = AboutController.swift; sourceTree = "<group>"; };
		D5A370AB21FA481400729981 /* ReportController.swift */ = {isa = PBXFileReference; lastKnownFileType = sourcecode.swift; path = ReportController.swift; sourceTree = "<group>"; };
		D5DABB4821FA7CE90039107B /* ItemCell.swift */ = {isa = PBXFileReference; lastKnownFileType = sourcecode.swift; path = ItemCell.swift; sourceTree = "<group>"; };
		D5DABB4A21FA89A80039107B /* ImageCache.swift */ = {isa = PBXFileReference; lastKnownFileType = sourcecode.swift; path = ImageCache.swift; sourceTree = "<group>"; };
		D5EFDC8D21FAE13E0034BCFC /* Stack.swift */ = {isa = PBXFileReference; lastKnownFileType = sourcecode.swift; path = Stack.swift; sourceTree = "<group>"; };
		D5EFDC8F21FAE5C30034BCFC /* ItemScroll.swift */ = {isa = PBXFileReference; fileEncoding = 4; lastKnownFileType = sourcecode.swift; path = ItemScroll.swift; sourceTree = "<group>"; };
		D5FB747F21FBC4AC00D2A4FC /* Image.swift */ = {isa = PBXFileReference; lastKnownFileType = sourcecode.swift; path = Image.swift; sourceTree = "<group>"; };
		D5FB748121FBEC6B00D2A4FC /* ItemActionBar.swift */ = {isa = PBXFileReference; lastKnownFileType = sourcecode.swift; path = ItemActionBar.swift; sourceTree = "<group>"; };
		D5FB748721FC311900D2A4FC /* SetupNav.swift */ = {isa = PBXFileReference; lastKnownFileType = sourcecode.swift; path = SetupNav.swift; sourceTree = "<group>"; };
/* End PBXFileReference section */

/* Begin PBXFrameworksBuildPhase section */
		D5A3707E21F969CA00729981 /* Frameworks */ = {
			isa = PBXFrameworksBuildPhase;
			buildActionMask = 2147483647;
			files = (
			);
			runOnlyForDeploymentPostprocessing = 0;
		};
/* End PBXFrameworksBuildPhase section */

/* Begin PBXGroup section */
		D525A48521FEBE86005F6E62 /* Menu */ = {
			isa = PBXGroup;
			children = (
				D525A48621FEBEB0005F6E62 /* MenuItem.swift */,
			);
			path = Menu;
			sourceTree = "<group>";
		};
		D5A3707821F969CA00729981 = {
			isa = PBXGroup;
			children = (
				D5A3708321F969CA00729981 /* Funny */,
				D5A3708221F969CA00729981 /* Products */,
			);
			sourceTree = "<group>";
		};
		D5A3708221F969CA00729981 /* Products */ = {
			isa = PBXGroup;
			children = (
				D5A3708121F969CA00729981 /* Funny.app */,
			);
			name = Products;
			sourceTree = "<group>";
		};
		D5A3708321F969CA00729981 /* Funny */ = {
			isa = PBXGroup;
			children = (
				D5A370A221F987C400729981 /* Services */,
				D5A3709921F96A7900729981 /* Helpers */,
				D5A3709821F96A7100729981 /* Controller */,
				D5A3709721F96A6D00729981 /* View */,
				D5A3709621F96A6600729981 /* Model */,
				D5A3708421F969CA00729981 /* AppDelegate.swift */,
				D5A3708B21F969CB00729981 /* Assets.xcassets */,
				D5A3708D21F969CB00729981 /* LaunchScreen.storyboard */,
				D5A3709021F969CB00729981 /* Info.plist */,
				D5A370A521F98F7D00729981 /* ApiRoutes.swift */,
			);
			path = Funny;
			sourceTree = "<group>";
		};
		D5A3709621F96A6600729981 /* Model */ = {
			isa = PBXGroup;
			children = (
				D5A370A021F9825E00729981 /* Item.swift */,
			);
			path = Model;
			sourceTree = "<group>";
		};
		D5A3709721F96A6D00729981 /* View */ = {
			isa = PBXGroup;
			children = (
				D525A48521FEBE86005F6E62 /* Menu */,
				D5FB748421FC062100D2A4FC /* Items */,
				D5FB748321FC061A00D2A4FC /* Global */,
			);
			path = View;
			sourceTree = "<group>";
		};
		D5A3709821F96A7100729981 /* Controller */ = {
			isa = PBXGroup;
			children = (
				D5A3708621F969CA00729981 /* HomeController.swift */,
				D5A370A921FA480800729981 /* AboutController.swift */,
				D5A370AB21FA481400729981 /* ReportController.swift */,
				D5A0815921FE6926000C7E0A /* MenuController.swift */,
			);
			path = Controller;
			sourceTree = "<group>";
		};
		D5A3709921F96A7900729981 /* Helpers */ = {
			isa = PBXGroup;
			children = (
				D5A3709A21F96BCA00729981 /* Hex.swift */,
				D5A3709C21F96C1500729981 /* AppColors.swift */,
				D5FB748721FC311900D2A4FC /* SetupNav.swift */,
				D512D00C21FD1A2700A93059 /* Error.swift */,
				D5A0815721FE65A8000C7E0A /* View.swift */,
			);
			path = Helpers;
			sourceTree = "<group>";
		};
		D5A370A221F987C400729981 /* Services */ = {
			isa = PBXGroup;
			children = (
				D5A370A721FA442100729981 /* Networking.swift */,
				D5DABB4A21FA89A80039107B /* ImageCache.swift */,
			);
			path = Services;
			sourceTree = "<group>";
		};
		D5FB748321FC061A00D2A4FC /* Global */ = {
			isa = PBXGroup;
			children = (
				D5EFDC8D21FAE13E0034BCFC /* Stack.swift */,
				D5FB747F21FBC4AC00D2A4FC /* Image.swift */,
			);
			path = Global;
			sourceTree = "<group>";
		};
		D5FB748421FC062100D2A4FC /* Items */ = {
			isa = PBXGroup;
			children = (
				D5DABB4821FA7CE90039107B /* ItemCell.swift */,
				D5EFDC8F21FAE5C30034BCFC /* ItemScroll.swift */,
				D5FB748121FBEC6B00D2A4FC /* ItemActionBar.swift */,
			);
			path = Items;
			sourceTree = "<group>";
		};
/* End PBXGroup section */

/* Begin PBXNativeTarget section */
		D5A3708021F969CA00729981 /* Funny */ = {
			isa = PBXNativeTarget;
			buildConfigurationList = D5A3709321F969CB00729981 /* Build configuration list for PBXNativeTarget "Funny" */;
			buildPhases = (
				D5A3707D21F969CA00729981 /* Sources */,
				D5A3707E21F969CA00729981 /* Frameworks */,
				D5A3707F21F969CA00729981 /* Resources */,
			);
			buildRules = (
			);
			dependencies = (
			);
			name = Funny;
			productName = Funny;
			productReference = D5A3708121F969CA00729981 /* Funny.app */;
			productType = "com.apple.product-type.application";
		};
/* End PBXNativeTarget section */

/* Begin PBXProject section */
		D5A3707921F969CA00729981 /* Project object */ = {
			isa = PBXProject;
			attributes = {
				LastSwiftUpdateCheck = 1010;
				LastUpgradeCheck = 1010;
				ORGANIZATIONNAME = "Robby Klein";
				TargetAttributes = {
					D5A3708021F969CA00729981 = {
						CreatedOnToolsVersion = 10.1;
					};
				};
			};
			buildConfigurationList = D5A3707C21F969CA00729981 /* Build configuration list for PBXProject "Funny" */;
			compatibilityVersion = "Xcode 9.3";
			developmentRegion = en;
			hasScannedForEncodings = 0;
			knownRegions = (
				en,
				Base,
			);
			mainGroup = D5A3707821F969CA00729981;
			productRefGroup = D5A3708221F969CA00729981 /* Products */;
			projectDirPath = "";
			projectRoot = "";
			targets = (
				D5A3708021F969CA00729981 /* Funny */,
			);
		};
/* End PBXProject section */

/* Begin PBXResourcesBuildPhase section */
		D5A3707F21F969CA00729981 /* Resources */ = {
			isa = PBXResourcesBuildPhase;
			buildActionMask = 2147483647;
			files = (
				D5A3708F21F969CB00729981 /* LaunchScreen.storyboard in Resources */,
				D5A3708C21F969CB00729981 /* Assets.xcassets in Resources */,
			);
			runOnlyForDeploymentPostprocessing = 0;
		};
/* End PBXResourcesBuildPhase section */

/* Begin PBXSourcesBuildPhase section */
		D5A3707D21F969CA00729981 /* Sources */ = {
			isa = PBXSourcesBuildPhase;
			buildActionMask = 2147483647;
			files = (
				D5A3709B21F96BCA00729981 /* Hex.swift in Sources */,
				D5EFDC8E21FAE13E0034BCFC /* Stack.swift in Sources */,
				D5A370A621F98F7D00729981 /* ApiRoutes.swift in Sources */,
				D5A3709D21F96C1500729981 /* AppColors.swift in Sources */,
				D5A0815A21FE6926000C7E0A /* MenuController.swift in Sources */,
				D5FB748021FBC4AC00D2A4FC /* Image.swift in Sources */,
				D5EFDC9021FAE5C30034BCFC /* ItemScroll.swift in Sources */,
				D5A0815821FE65A8000C7E0A /* View.swift in Sources */,
				D5DABB4921FA7CE90039107B /* ItemCell.swift in Sources */,
				D525A48721FEBEB0005F6E62 /* MenuItem.swift in Sources */,
				D5A3708721F969CA00729981 /* HomeController.swift in Sources */,
				D5A370A121F9825E00729981 /* Item.swift in Sources */,
				D5DABB4B21FA89A80039107B /* ImageCache.swift in Sources */,
				D5A3708521F969CA00729981 /* AppDelegate.swift in Sources */,
				D5A370A821FA442100729981 /* Networking.swift in Sources */,
				D5FB748221FBEC6B00D2A4FC /* ItemActionBar.swift in Sources */,
				D5A370AA21FA480800729981 /* AboutController.swift in Sources */,
				D5A370AC21FA481400729981 /* ReportController.swift in Sources */,
				D512D00D21FD1A2700A93059 /* Error.swift in Sources */,
				D5FB748821FC311900D2A4FC /* SetupNav.swift in Sources */,
			);
			runOnlyForDeploymentPostprocessing = 0;
		};
/* End PBXSourcesBuildPhase section */

/* Begin PBXVariantGroup section */
		D5A3708D21F969CB00729981 /* LaunchScreen.storyboard */ = {
			isa = PBXVariantGroup;
			children = (
				D5A3708E21F969CB00729981 /* Base */,
			);
			name = LaunchScreen.storyboard;
			sourceTree = "<group>";
		};
/* End PBXVariantGroup section */

/* Begin XCBuildConfiguration section */
		D5A3709121F969CB00729981 /* Debug */ = {
			isa = XCBuildConfiguration;
			buildSettings = {
				ALWAYS_SEARCH_USER_PATHS = NO;
				CLANG_ANALYZER_NONNULL = YES;
				CLANG_ANALYZER_NUMBER_OBJECT_CONVERSION = YES_AGGRESSIVE;
				CLANG_CXX_LANGUAGE_STANDARD = "gnu++14";
				CLANG_CXX_LIBRARY = "libc++";
				CLANG_ENABLE_MODULES = YES;
				CLANG_ENABLE_OBJC_ARC = YES;
				CLANG_ENABLE_OBJC_WEAK = YES;
				CLANG_WARN_BLOCK_CAPTURE_AUTORELEASING = YES;
				CLANG_WARN_BOOL_CONVERSION = YES;
				CLANG_WARN_COMMA = YES;
				CLANG_WARN_CONSTANT_CONVERSION = YES;
				CLANG_WARN_DEPRECATED_OBJC_IMPLEMENTATIONS = YES;
				CLANG_WARN_DIRECT_OBJC_ISA_USAGE = YES_ERROR;
				CLANG_WARN_DOCUMENTATION_COMMENTS = YES;
				CLANG_WARN_EMPTY_BODY = YES;
				CLANG_WARN_ENUM_CONVERSION = YES;
				CLANG_WARN_INFINITE_RECURSION = YES;
				CLANG_WARN_INT_CONVERSION = YES;
				CLANG_WARN_NON_LITERAL_NULL_CONVERSION = YES;
				CLANG_WARN_OBJC_IMPLICIT_RETAIN_SELF = YES;
				CLANG_WARN_OBJC_LITERAL_CONVERSION = YES;
				CLANG_WARN_OBJC_ROOT_CLASS = YES_ERROR;
				CLANG_WARN_RANGE_LOOP_ANALYSIS = YES;
				CLANG_WARN_STRICT_PROTOTYPES = YES;
				CLANG_WARN_SUSPICIOUS_MOVE = YES;
				CLANG_WARN_UNGUARDED_AVAILABILITY = YES_AGGRESSIVE;
				CLANG_WARN_UNREACHABLE_CODE = YES;
				CLANG_WARN__DUPLICATE_METHOD_MATCH = YES;
				CODE_SIGN_IDENTITY = "iPhone Developer";
				COPY_PHASE_STRIP = NO;
				DEBUG_INFORMATION_FORMAT = dwarf;
				ENABLE_STRICT_OBJC_MSGSEND = YES;
				ENABLE_TESTABILITY = YES;
				GCC_C_LANGUAGE_STANDARD = gnu11;
				GCC_DYNAMIC_NO_PIC = NO;
				GCC_NO_COMMON_BLOCKS = YES;
				GCC_OPTIMIZATION_LEVEL = 0;
				GCC_PREPROCESSOR_DEFINITIONS = (
					"DEBUG=1",
					"$(inherited)",
				);
				GCC_WARN_64_TO_32_BIT_CONVERSION = YES;
				GCC_WARN_ABOUT_RETURN_TYPE = YES_ERROR;
				GCC_WARN_UNDECLARED_SELECTOR = YES;
				GCC_WARN_UNINITIALIZED_AUTOS = YES_AGGRESSIVE;
				GCC_WARN_UNUSED_FUNCTION = YES;
				GCC_WARN_UNUSED_VARIABLE = YES;
				IPHONEOS_DEPLOYMENT_TARGET = 12.1;
				MTL_ENABLE_DEBUG_INFO = INCLUDE_SOURCE;
				MTL_FAST_MATH = YES;
				ONLY_ACTIVE_ARCH = YES;
				SDKROOT = iphoneos;
				SWIFT_ACTIVE_COMPILATION_CONDITIONS = DEBUG;
				SWIFT_OPTIMIZATION_LEVEL = "-Onone";
			};
			name = Debug;
		};
		D5A3709221F969CB00729981 /* Release */ = {
			isa = XCBuildConfiguration;
			buildSettings = {
				ALWAYS_SEARCH_USER_PATHS = NO;
				CLANG_ANALYZER_NONNULL = YES;
				CLANG_ANALYZER_NUMBER_OBJECT_CONVERSION = YES_AGGRESSIVE;
				CLANG_CXX_LANGUAGE_STANDARD = "gnu++14";
				CLANG_CXX_LIBRARY = "libc++";
				CLANG_ENABLE_MODULES = YES;
				CLANG_ENABLE_OBJC_ARC = YES;
				CLANG_ENABLE_OBJC_WEAK = YES;
				CLANG_WARN_BLOCK_CAPTURE_AUTORELEASING = YES;
				CLANG_WARN_BOOL_CONVERSION = YES;
				CLANG_WARN_COMMA = YES;
				CLANG_WARN_CONSTANT_CONVERSION = YES;
				CLANG_WARN_DEPRECATED_OBJC_IMPLEMENTATIONS = YES;
				CLANG_WARN_DIRECT_OBJC_ISA_USAGE = YES_ERROR;
				CLANG_WARN_DOCUMENTATION_COMMENTS = YES;
				CLANG_WARN_EMPTY_BODY = YES;
				CLANG_WARN_ENUM_CONVERSION = YES;
				CLANG_WARN_INFINITE_RECURSION = YES;
				CLANG_WARN_INT_CONVERSION = YES;
				CLANG_WARN_NON_LITERAL_NULL_CONVERSION = YES;
				CLANG_WARN_OBJC_IMPLICIT_RETAIN_SELF = YES;
				CLANG_WARN_OBJC_LITERAL_CONVERSION = YES;
				CLANG_WARN_OBJC_ROOT_CLASS = YES_ERROR;
				CLANG_WARN_RANGE_LOOP_ANALYSIS = YES;
				CLANG_WARN_STRICT_PROTOTYPES = YES;
				CLANG_WARN_SUSPICIOUS_MOVE = YES;
				CLANG_WARN_UNGUARDED_AVAILABILITY = YES_AGGRESSIVE;
				CLANG_WARN_UNREACHABLE_CODE = YES;
				CLANG_WARN__DUPLICATE_METHOD_MATCH = YES;
				CODE_SIGN_IDENTITY = "iPhone Developer";
				COPY_PHASE_STRIP = NO;
				DEBUG_INFORMATION_FORMAT = "dwarf-with-dsym";
				ENABLE_NS_ASSERTIONS = NO;
				ENABLE_STRICT_OBJC_MSGSEND = YES;
				GCC_C_LANGUAGE_STANDARD = gnu11;
				GCC_NO_COMMON_BLOCKS = YES;
				GCC_WARN_64_TO_32_BIT_CONVERSION = YES;
				GCC_WARN_ABOUT_RETURN_TYPE = YES_ERROR;
				GCC_WARN_UNDECLARED_SELECTOR = YES;
				GCC_WARN_UNINITIALIZED_AUTOS = YES_AGGRESSIVE;
				GCC_WARN_UNUSED_FUNCTION = YES;
				GCC_WARN_UNUSED_VARIABLE = YES;
				IPHONEOS_DEPLOYMENT_TARGET = 12.1;
				MTL_ENABLE_DEBUG_INFO = NO;
				MTL_FAST_MATH = YES;
				SDKROOT = iphoneos;
				SWIFT_COMPILATION_MODE = wholemodule;
				SWIFT_OPTIMIZATION_LEVEL = "-O";
				VALIDATE_PRODUCT = YES;
			};
			name = Release;
		};
		D5A3709421F969CB00729981 /* Debug */ = {
			isa = XCBuildConfiguration;
			buildSettings = {
				ASSETCATALOG_COMPILER_APPICON_NAME = AppIcon;
				CODE_SIGN_STYLE = Automatic;
				DEVELOPMENT_TEAM = J7BF76KWS3;
				INFOPLIST_FILE = Funny/Info.plist;
				LD_RUNPATH_SEARCH_PATHS = (
					"$(inherited)",
					"@executable_path/Frameworks",
				);
				PRODUCT_BUNDLE_IDENTIFIER = com.robbyk.Funny;
				PRODUCT_NAME = "$(TARGET_NAME)";
				SWIFT_VERSION = 4.2;
				TARGETED_DEVICE_FAMILY = "1,2";
			};
			name = Debug;
		};
		D5A3709521F969CB00729981 /* Release */ = {
			isa = XCBuildConfiguration;
			buildSettings = {
				ASSETCATALOG_COMPILER_APPICON_NAME = AppIcon;
				CODE_SIGN_STYLE = Automatic;
				DEVELOPMENT_TEAM = J7BF76KWS3;
				INFOPLIST_FILE = Funny/Info.plist;
				LD_RUNPATH_SEARCH_PATHS = (
					"$(inherited)",
					"@executable_path/Frameworks",
				);
				PRODUCT_BUNDLE_IDENTIFIER = com.robbyk.Funny;
				PRODUCT_NAME = "$(TARGET_NAME)";
				SWIFT_VERSION = 4.2;
				TARGETED_DEVICE_FAMILY = "1,2";
			};
			name = Release;
		};
/* End XCBuildConfiguration section */

/* Begin XCConfigurationList section */
		D5A3707C21F969CA00729981 /* Build configuration list for PBXProject "Funny" */ = {
			isa = XCConfigurationList;
			buildConfigurations = (
				D5A3709121F969CB00729981 /* Debug */,
				D5A3709221F969CB00729981 /* Release */,
			);
			defaultConfigurationIsVisible = 0;
			defaultConfigurationName = Release;
		};
		D5A3709321F969CB00729981 /* Build configuration list for PBXNativeTarget "Funny" */ = {
			isa = XCConfigurationList;
			buildConfigurations = (
				D5A3709421F969CB00729981 /* Debug */,
				D5A3709521F969CB00729981 /* Release */,
			);
			defaultConfigurationIsVisible = 0;
			defaultConfigurationName = Release;
		};
/* End XCConfigurationList section */
	};
	rootObject = D5A3707921F969CA00729981 /* Project object */;
}
